
Microsoft Visual Studio Solution File, Format Version 12.00
# Visual Studio 14
VisualStudioVersion = 14.0.25123.0
MinimumVisualStudioVersion = 10.0.40219.1
Project("{FAE04EC0-301F-11D3-BF4B-00C04F79EFBC}") = "FootPredWeb", "FootPredWeb\FootPredWeb.csproj", "{086FA710-F522-49FE-9487-B3E3833DF385}"
EndProject
Project("{FAE04EC0-301F-11D3-BF4B-00C04F79EFBC}") = "Engine", "Engine\Engine.csproj", "{D2D7F9B1-CB59-42CB-BE7A-DCA2801AECAA}"
EndProject
Project("{FAE04EC0-301F-11D3-BF4B-00C04F79EFBC}") = "EngineTester", "EngineTester\EngineTester.csproj", "{1BDB108A-A15B-4D19-93A2-3DCE2284CB02}"
EndProject
Global
	GlobalSection(SolutionConfigurationPlatforms) = preSolution
		Debug|Any CPU = Debug|Any CPU
		Release|Any CPU = Release|Any CPU
	EndGlobalSection
	GlobalSection(ProjectConfigurationPlatforms) = postSolution
		{086FA710-F522-49FE-9487-B3E3833DF385}.Debug|Any CPU.ActiveCfg = Debug|Any CPU
		{086FA710-F522-49FE-9487-B3E3833DF385}.Debug|Any CPU.Build.0 = Debug|Any CPU
		{086FA710-F522-49FE-9487-B3E3833DF385}.Release|Any CPU.ActiveCfg = Release|Any CPU
		{086FA710-F522-49FE-9487-B3E3833DF385}.Release|Any CPU.Build.0 = Release|Any CPU
		{D2D7F9B1-CB59-42CB-BE7A-DCA2801AECAA}.Debug|Any CPU.ActiveCfg = Debug|Any CPU
		{D2D7F9B1-CB59-42CB-BE7A-DCA2801AECAA}.Debug|Any CPU.Build.0 = Debug|Any CPU
		{D2D7F9B1-CB59-42CB-BE7A-DCA2801AECAA}.Release|Any CPU.ActiveCfg = Release|Any CPU
		{D2D7F9B1-CB59-42CB-BE7A-DCA2801AECAA}.Release|Any CPU.Build.0 = Release|Any CPU
		{1BDB108A-A15B-4D19-93A2-3DCE2284CB02}.Debug|Any CPU.ActiveCfg = Debug|Any CPU
		{1BDB108A-A15B-4D19-93A2-3DCE2284CB02}.Debug|Any CPU.Build.0 = Debug|Any CPU
		{1BDB108A-A15B-4D19-93A2-3DCE2284CB02}.Release|Any CPU.ActiveCfg = Release|Any CPU
		{1BDB108A-A15B-4D19-93A2-3DCE2284CB02}.Release|Any CPU.Build.0 = Release|Any CPU
	EndGlobalSection
	GlobalSection(SolutionProperties) = preSolution
		HideSolutionNode = FALSE
	EndGlobalSection
EndGlobal
